github.com/FortAwesome/Font-Awesome v0.0.0-20221214131343-adb2273bdbff h1:wd6bP1lsIYGwAFY0To2esUZCkhg+o4v3swancw4fVpI=
github.com/FortAwesome/Font-Awesome v0.0.0-20221214131343-adb2273bdbff/go.mod h1:IUgezN/MFpCDIlFezw3L8j83oeiIuYoj28Miwr/KUYo=
github.com/juggernautjp/hugo-widebs5-theme/dependencies v0.1.0 h1:gHlaCGniX7cbKAlgvk0Xan124NxQPVcpjm+/dUmdrks=
github.com/juggernautjp/hugo-widebs5-theme/dependencies v0.1.0/go.mod h1:39ZRs6aPmw4uRrA5X1Hj+i8+SEL3kEzVczXd2qtMltg=
github.com/juggernautjp/hugo-widebs5-theme/dependencies v0.1.1-0.20230130034520-cca225f91315 h1:J7TajEU2LWRo79Fv5UYICdrIdFyyfyO2FWk0gcZCPjw=
github.com/juggernautjp/hugo-widebs5-theme/dependencies v0.1.1-0.20230130034520-cca225f91315/go.mod h1:Skp7hkTb/88/ORPldHQqp9kMcI+4yUajmL7qa4S95/U=
github.com/juggernautjp/hugo-widebs5-theme/dependencies v0.1.1-0.20230130060449-d3e60dece68c h1:TY3mseIDHGhUAM1r1VkiHktadoUZdTJGqwjw9LpH8jI=
github.com/juggernautjp/hugo-widebs5-theme/dependencies v0.1.1-0.20230130060449-d3e60dece68c/go.mod h1:Skp7hkTb/88/ORPldHQqp9kMcI+4yUajmL7qa4S95/U=
github.com/juggernautjp/hugo-widebs5-theme/dependencies v0.1.1-0.20230130060710-8ea979f30383 h1:K7UGccY7iJO1cfbRZevUopSi0Pn7fUwHH9QmpKgzhC4=
github.com/juggernautjp/hugo-widebs5-theme/dependencies v0.1.1-0.20230130060710-8ea979f30383/go.mod h1:Skp7hkTb/88/ORPldHQqp9kMcI+4yUajmL7qa4S95/U=
github.com/juggernautjp/hugo-widebs5-theme/dependencies v0.1.1-0.20230130065826-7468a22f7177 h1:XKiN6UpoQpNlaVbvl5UuYSD4T5OTDxl6KIDNwFSSmA8=
github.com/juggernautjp/hugo-widebs5-theme/dependencies v0.1.1-0.20230130065826-7468a22f7177/go.mod h1:lJ+XwhJnJhDXDAky00SOe+bEy0nn/QEXxlyvXewZLcA=
github.com/juggernautjp/hugo-widebs5-theme/dependencies v0.1.1-0.20230130070610-7b922acb1b6b h1:i9qX1zQ1j3sOmQQRJGYFdBjpdSfccRQuX4QCc+29lP4=
github.com/juggernautjp/hugo-widebs5-theme/dependencies v0.1.1-0.20230130070610-7b922acb1b6b/go.mod h1:lJ+XwhJnJhDXDAky00SOe+bEy0nn/QEXxlyvXewZLcA=
github.com/twbs/bootstrap v5.3.0-alpha1.0.20230128013619-c735b2e19654+incompatible h1:FErz15rrpOunvcFKaRJazvInCCo7YzSGISPu70pIE74=
github.com/twbs/bootstrap v5.3.0-alpha1.0.20230128013619-c735b2e19654+incompatible/go.mod h1:fZTSrkpSf0/HkL0IIJzvVspTt1r9zuf7XlZau8kpcY0=
