github.com/juggernautjp/hugo-widebs5-dependencies v0.0.0-20230131055256-1224ea0f3e44 h1:xa7VKCw+wxbglGnns9oScFAAhmYZwgQIi0+rHX1PTkk=
github.com/juggernautjp/hugo-widebs5-dependencies v0.0.0-20230131055256-1224ea0f3e44/go.mod h1:ImnZVuZNTh2ENKele632rZlUGqR+MarKNQoxK8hgQ6M=
github.com/juggernautjp/hugo-widebs5-dependencies v0.0.0-20230207194327-05570b3ef474 h1:wGikUwH2lV+246WhWJ0eTafHe9GxMjaEw9U+5bU8NZg=
github.com/juggernautjp/hugo-widebs5-dependencies v0.0.0-20230207194327-05570b3ef474/go.mod h1:Mt8rvICAv2I+/3kOEB7cVY080cv40Qq/k2eKBg9vewA=
github.com/juggernautjp/hugo-widebs5-dependencies v0.0.0-20230220023109-e6ab12684d50 h1:v9udS/3x+XWSkCZZsJ07RJ+g8hxq9o8UKaZomvzjuhQ=
github.com/juggernautjp/hugo-widebs5-dependencies v0.0.0-20230220023109-e6ab12684d50/go.mod h1:R3VClWAHFAGyA1vacSk1OM4zH0Rk6RcNxT4kzTmni9Q=
github.com/juggernautjp/hugo-widebs5-dependencies v0.0.0-20230228175153-0851b94d9cbb h1:rDKlWlqxIVzPAM+G2zgJz91vcQYQHZKVyp42GDpPaJQ=
github.com/juggernautjp/hugo-widebs5-dependencies v0.0.0-20230228175153-0851b94d9cbb/go.mod h1:po8K5kLeoKpeXy5Iw+ZBeDWzCJfqjTW60feZMjYGP+c=
github.com/juggernautjp/hugo-widebs5-dependencies v0.0.0-20230310012926-a90073e4d462 h1:BmiddF+xXjR8AaAbPwnpAFSJfB5ZY7vUN0s39nzpe7A=
github.com/juggernautjp/hugo-widebs5-dependencies v0.0.0-20230310012926-a90073e4d462/go.mod h1:VBW1IREvszIW5X6pEED+NtycdalJGNainDADp4ByXQ4=
github.com/juggernautjp/hugo-widebs5-dependencies v0.0.0-20230319114723-f4dab069576d h1:PcR1FWPqYDN/rDW9n/fwPOVIp36+6ieDRgeFk/qPePI=
github.com/juggernautjp/hugo-widebs5-dependencies v0.0.0-20230319114723-f4dab069576d/go.mod h1:ASS4avX0UXyPvRw2NSj+ZLHN6zZwLXtEJvUEOhcDpsM=
github.com/juggernautjp/hugo-widebs5-dependencies v0.0.0-20230321134532-52350217d78a h1:5Osy90Wdko7yhcXbWglaHRlOg/0Ikvv5fUF9vf2r8B4=
github.com/juggernautjp/hugo-widebs5-dependencies v0.0.0-20230321134532-52350217d78a/go.mod h1:sCfpi//N1xAobYq3k76WbxLcH5w4XAiLacxY8tNVRbM=
github.com/juggernautjp/hugo-widebs5-dependencies v0.0.0-20230322163816-ea09008c9f62 h1:kR434AitCekI4j/6QCS4NoJc4dzRECGLxkXB46GzRf0=
github.com/juggernautjp/hugo-widebs5-dependencies v0.0.0-20230322163816-ea09008c9f62/go.mod h1:1SDFnFH8MuBZ0YGmQHEKDEMnkazjtVpSc2gQYlo4L7k=
github.com/juggernautjp/hugo-widebs5-dependencies v0.0.0-20230323220404-0c68b54a1e40 h1:iOauVhDv1bpbDw4r2JhsZ82BDYh4gBiUvFaCzJ33HIE=
github.com/juggernautjp/hugo-widebs5-dependencies v0.0.0-20230323220404-0c68b54a1e40/go.mod h1:lneo8LwHXmJ8JYDRtq5hiFtrxgSLZ4ERskVjj6pMIdg=
github.com/juggernautjp/hugo-widebs5-dependencies v0.0.0-20230324210019-ae0df44fc97f h1:AP265l/hSK7hgqVOba6m3A+egW50LbHwor2xeAllSyA=
github.com/juggernautjp/hugo-widebs5-dependencies v0.0.0-20230324210019-ae0df44fc97f/go.mod h1:qocnQJzPJEPfjPzy1NujfrJEXO7Hb0PU8jTX1anD4fw=
github.com/juggernautjp/hugo-widebs5-dependencies v0.0.0-20230326192400-5519111b8252 h1:3Xmdtotdseg6/KOjYvgSxy5ZvSvPQtMpdFRIEeUkTOs=
github.com/juggernautjp/hugo-widebs5-dependencies v0.0.0-20230326192400-5519111b8252/go.mod h1:tF7NGKKENe30NuYeW4kvKw6c7O78rFi6CqMr4jzA+QM=
github.com/juggernautjp/hugo-widebs5-dependencies v0.0.0-20230328051159-04caed121df4 h1:SSFN1kSkLXLTX/vdiNrUihJ/DZHxG5uHxhxImhGg70E=
github.com/juggernautjp/hugo-widebs5-dependencies v0.0.0-20230328051159-04caed121df4/go.mod h1:bn8wFwR3jVQN0DIRPV31zlwyhSK2tBGk/ui/n9G0sOY=
github.com/juggernautjp/hugo-widebs5-dependencies v0.0.0-20230328162106-dc3d87af9cad h1:ydABsoOkni10fSn/svyzOiacfCGtBhR/Y5mBXFZiKmU=
github.com/juggernautjp/hugo-widebs5-dependencies v0.0.0-20230328162106-dc3d87af9cad/go.mod h1:HMnXy7sMBWr6VOm/XBVjBuiKmmUJu0W41vSOofUpYSM=
github.com/juggernautjp/hugo-widebs5-dependencies v0.0.0-20230521075133-53c9b2e4fe86 h1:gdYb7IwwiWRbmwnLazt72slM3hXZhGePVDUnghJoPps=
github.com/juggernautjp/hugo-widebs5-dependencies v0.0.0-20230521075133-53c9b2e4fe86/go.mod h1:8V2Ib5E+a+kQOvUmbmCBm+KyDyR0QoZdZtn7YBfgYJs=
github.com/juggernautjp/hugo-widebs5-dependencies v0.0.0-20230712115458-e335b029bb27 h1:UTWoGTpXeaZa7uypAJvoDdmMg3Onkw10tT7Ph7qVszE=
github.com/juggernautjp/hugo-widebs5-dependencies v0.0.0-20230712115458-e335b029bb27/go.mod h1:BhnWCbkYsPj7OPoYioj3e9+1VU2y20R1Y8n8IUpkgGE=
