github.com/twbs/bootstrap v5.1.3+incompatible h1:19+1/69025oghttdacCOGvs1wv9D5lZnpfoCvKUsPCs=
github.com/twbs/bootstrap v5.1.3+incompatible/go.mod h1:fZTSrkpSf0/HkL0IIJzvVspTt1r9zuf7XlZau8kpcY0=
github.com/twbs/bootstrap v5.2.0+incompatible h1:vQ0kzhoIB0GvI21nWFTcuBCVwx9IvK2XvdTHWryVnZc=
github.com/twbs/bootstrap v5.2.0+incompatible/go.mod h1:fZTSrkpSf0/HkL0IIJzvVspTt1r9zuf7XlZau8kpcY0=
github.com/twbs/bootstrap v5.2.3+incompatible h1:lOmsJx587qfF7/gE7Vv4FxEofegyJlEACeVV+Mt7cgc=
github.com/twbs/bootstrap v5.2.3+incompatible/go.mod h1:fZTSrkpSf0/HkL0IIJzvVspTt1r9zuf7XlZau8kpcY0=
github.com/twbs/bootstrap v5.3.0-alpha1+incompatible h1:TWdQPnyCB2GbvtvDglzVbOZEiXD7WgXOq8hH/mk2KKE=
github.com/twbs/bootstrap v5.3.0-alpha1+incompatible/go.mod h1:fZTSrkpSf0/HkL0IIJzvVspTt1r9zuf7XlZau8kpcY0=
github.com/twbs/bootstrap v5.3.0-alpha1.0.20230128013619-c735b2e19654+incompatible h1:FErz15rrpOunvcFKaRJazvInCCo7YzSGISPu70pIE74=
github.com/twbs/bootstrap v5.3.0-alpha1.0.20230128013619-c735b2e19654+incompatible/go.mod h1:fZTSrkpSf0/HkL0IIJzvVspTt1r9zuf7XlZau8kpcY0=
